
Microsoft Visual Studio Solution File, Format Version 12.00
# Visual Studio Version 16
VisualStudioVersion = 16.0.31624.102
MinimumVisualStudioVersion = 10.0.40219.1
Project("{FAE04EC0-301F-11D3-BF4B-00C04F79EFBC}") = "OrderProcessingEngine", "OrderProcessingEngine.csproj", "{598411CD-E800-424E-84B2-52B8BE736E40}"
EndProject
Project("{FAE04EC0-301F-11D3-BF4B-00C04F79EFBC}") = "PaymentProcessingEngineTests", "..\PaymentProcessingEngineTests\PaymentProcessingEngineTests.csproj", "{4D94028B-CB83-4919-ADD0-B67F655C4EA3}"
EndProject
Global
	GlobalSection(SolutionConfigurationPlatforms) = preSolution
		Debug|Any CPU = Debug|Any CPU
		Release|Any CPU = Release|Any CPU
	EndGlobalSection
	GlobalSection(ProjectConfigurationPlatforms) = postSolution
		{598411CD-E800-424E-84B2-52B8BE736E40}.Debug|Any CPU.ActiveCfg = Debug|Any CPU
		{598411CD-E800-424E-84B2-52B8BE736E40}.Debug|Any CPU.Build.0 = Debug|Any CPU
		{598411CD-E800-424E-84B2-52B8BE736E40}.Release|Any CPU.ActiveCfg = Release|Any CPU
		{598411CD-E800-424E-84B2-52B8BE736E40}.Release|Any CPU.Build.0 = Release|Any CPU
		{4D94028B-CB83-4919-ADD0-B67F655C4EA3}.Debug|Any CPU.ActiveCfg = Debug|Any CPU
		{4D94028B-CB83-4919-ADD0-B67F655C4EA3}.Debug|Any CPU.Build.0 = Debug|Any CPU
		{4D94028B-CB83-4919-ADD0-B67F655C4EA3}.Release|Any CPU.ActiveCfg = Release|Any CPU
		{4D94028B-CB83-4919-ADD0-B67F655C4EA3}.Release|Any CPU.Build.0 = Release|Any CPU
	EndGlobalSection
	GlobalSection(SolutionProperties) = preSolution
		HideSolutionNode = FALSE
	EndGlobalSection
	GlobalSection(ExtensibilityGlobals) = postSolution
		SolutionGuid = {47ECB88D-399E-40FB-9555-8E00D34C0ED6}
	EndGlobalSection
EndGlobal
